{
  "name": "deno-twind-nano-jsx-example",
  "requires": true,
  "lockfileVersion": 1,
  "dependencies": {
    "daisyui": {
      "version": "1.16.0",
      "resolved": "https://registry.npmjs.org/daisyui/-/daisyui-1.16.0.tgz",
      "integrity": "sha512-/nVVnYqX7oxsIP68q2kOnOb48rbZLX2/smSrwzdSxF6olj8FCQ/90TU5J0gKvnWXOR6gyW8KuV8MQjwXE/oLYQ==",
      "dev": true
    }
  }
}
